// !$*UTF8*$!
{
	archiveVersion = 1;
	classes = {
	};
	objectVersion = 46;
	objects = {

/* Begin PBXBuildFile section */
		C0672EE41CA250BF00C7BE86 /* AppDelegate.swift in Sources */ = {isa = PBXBuildFile; fileRef = C0672EE31CA250BF00C7BE86 /* AppDelegate.swift */; };
		C0672EE61CA250BF00C7BE86 /* ViewController.swift in Sources */ = {isa = PBXBuildFile; fileRef = C0672EE51CA250BF00C7BE86 /* ViewController.swift */; };
		C0672EE91CA250BF00C7BE86 /* Main.storyboard in Resources */ = {isa = PBXBuildFile; fileRef = C0672EE71CA250BF00C7BE86 /* Main.storyboard */; };
		C0672EEB1CA250BF00C7BE86 /* Assets.xcassets in Resources */ = {isa = PBXBuildFile; fileRef = C0672EEA1CA250BF00C7BE86 /* Assets.xcassets */; };
		C0672EEE1CA250BF00C7BE86 /* LaunchScreen.storyboard in Resources */ = {isa = PBXBuildFile; fileRef = C0672EEC1CA250BF00C7BE86 /* LaunchScreen.storyboard */; };
/* End PBXBuildFile section */

/* Begin PBXFileReference section */
		C0672EE01CA250BF00C7BE86 /* SampleProj.app */ = {isa = PBXFileReference; explicitFileType = wrapper.application; includeInIndex = 0; path = SampleProj.app; sourceTree = BUILT_PRODUCTS_DIR; };
		C0672EE31CA250BF00C7BE86 /* AppDelegate.swift */ = {isa = PBXFileReference; lastKnownFileType = sourcecode.swift; path = AppDelegate.swift; sourceTree = "<group>"; };
		C0672EE51CA250BF00C7BE86 /* ViewController.swift */ = {isa = PBXFileReference; lastKnownFileType = sourcecode.swift; path = ViewController.swift; sourceTree = "<group>"; };
		C0672EE81CA250BF00C7BE86 /* Base */ = {isa = PBXFileReference; lastKnownFileType = file.storyboard; name = Base; path = Base.lproj/Main.storyboard; sourceTree = "<group>"; };
		C0672EEA1CA250BF00C7BE86 /* Assets.xcassets */ = {isa = PBXFileReference; lastKnownFileType = folder.assetcatalog; path = Assets.xcassets; sourceTree = "<group>"; };
		C0672EED1CA250BF00C7BE86 /* Base */ = {isa = PBXFileReference; lastKnownFileType = file.storyboard; name = Base; path = Base.lproj/LaunchScreen.storyboard; sourceTree = "<group>"; };
		C0672EEF1CA250BF00C7BE86 /* Info.plist */ = {isa = PBXFileReference; lastKnownFileType = text.plist.xml; path = Info.plist; sourceTree = "<group>"; };
/* End PBXFileReference section */

/* Begin PBXFrameworksBuildPhase section */
		C0672EDD1CA250BF00C7BE86 /* Frameworks */ = {
			isa = PBXFrameworksBuildPhase;
			buildActionMask = 2147483647;
			files = (
			);
			runOnlyForDeploymentPostprocessing = 0;
		};
/* End PBXFrameworksBuildPhase section */

/* Begin PBXGroup section */
		C0672ED71CA250BF00C7BE86 = {
			isa = PBXGroup;
			children = (
				C0672EE21CA250BF00C7BE86 /* SampleProj */,
				C0672EE11CA250BF00C7BE86 /* Products */,
			);
			sourceTree = "<group>";
		};
		C0672EE11CA250BF00C7BE86 /* Products */ = {
			isa = PBXGroup;
			children = (
				C0672EE01CA250BF00C7BE86 /* SampleProj.app */,
			);
			name = Products;
			sourceTree = "<group>";
		};
		C0672EE21CA250BF00C7BE86 /* SampleProj */ = {
			isa = PBXGroup;
			children = (
				C0672EE31CA250BF00C7BE86 /* AppDelegate.swift */,
				C0672EE51CA250BF00C7BE86 /* ViewController.swift */,
				C0672EE71CA250BF00C7BE86 /* Main.storyboard */,
				C0672EEA1CA250BF00C7BE86 /* Assets.xcassets */,
				C0672EEC1CA250BF00C7BE86 /* LaunchScreen.storyboard */,
				C0672EEF1CA250BF00C7BE86 /* Info.plist */,
			);
			path = SampleProj;
			sourceTree = "<group>";
		};
/* End PBXGroup section */

/* Begin PBXNativeTarget section */
		C0672EDF1CA250BF00C7BE86 /* SampleProj */ = {
			isa = PBXNativeTarget;
			buildConfigurationList = C0672EF21CA250BF00C7BE86 /* Build configuration list for PBXNativeTarget "SampleProj" */;
			buildPhases = (
				C0672EDC1CA250BF00C7BE86 /* Sources */,
				C0672EDD1CA250BF00C7BE86 /* Frameworks */,
				C0672EDE1CA250BF00C7BE86 /* Resources */,
			);
			buildRules = (
			);
			dependencies = (
			);
			name = SampleProj;
			productName = SampleProj;
			productReference = C0672EE01CA250BF00C7BE86 /* SampleProj.app */;
			productType = "com.apple.product-type.application";
		};
/* End PBXNativeTarget section */

/* Begin PBXProject section */
		C0672ED81CA250BF00C7BE86 /* Project object */ = {
			isa = PBXProject;
			attributes = {
				LastSwiftUpdateCheck = 0720;
				LastUpgradeCheck = 0720;
				ORGANIZATIONNAME = CenoX;
				TargetAttributes = {
					C0672EDF1CA250BF00C7BE86 = {
						CreatedOnToolsVersion = 7.2;
					};
				};
			};
			buildConfigurationList = C0672EDB1CA250BF00C7BE86 /* Build configuration list for PBXProject "SampleProj" */;
			compatibilityVersion = "Xcode 3.2";
			developmentRegion = English;
			hasScannedForEncodings = 0;
			knownRegions = (
				en,
				Base,
			);
			mainGroup = C0672ED71CA250BF00C7BE86;
			productRefGroup = C0672EE11CA250BF00C7BE86 /* Products */;
			projectDirPath = "";
			projectRoot = "";
			targets = (
				C0672EDF1CA250BF00C7BE86 /* SampleProj */,
			);
		};
/* End PBXProject section */

/* Begin PBXResourcesBuildPhase section */
		C0672EDE1CA250BF00C7BE86 /* Resources */ = {
			isa = PBXResourcesBuildPhase;
			buildActionMask = 2147483647;
			files = (
				C0672EEE1CA250BF00C7BE86 /* LaunchScreen.storyboard in Resources */,
				C0672EEB1CA250BF00C7BE86 /* Assets.xcassets in Resources */,
				C0672EE91CA250BF00C7BE86 /* Main.storyboard in Resources */,
			);
			runOnlyForDeploymentPostprocessing = 0;
		};
/* End PBXResourcesBuildPhase section */

/* Begin PBXSourcesBuildPhase section */
		C0672EDC1CA250BF00C7BE86 /* Sources */ = {
			isa = PBXSourcesBuildPhase;
			buildActionMask = 2147483647;
			files = (
				C0672EE61CA250BF00C7BE86 /* ViewController.swift in Sources */,
				C0672EE41CA250BF00C7BE86 /* AppDelegate.swift in Sources */,
			);
			runOnlyForDeploymentPostprocessing = 0;
		};
/* End PBXSourcesBuildPhase section */

/* Begin PBXVariantGroup section */
		C0672EE71CA250BF00C7BE86 /* Main.storyboard */ = {
			isa = PBXVariantGroup;
			children = (
				C0672EE81CA250BF00C7BE86 /* Base */,
			);
			name = Main.storyboard;
			sourceTree = "<group>";
		};
		C0672EEC1CA250BF00C7BE86 /* LaunchScreen.storyboard */ = {
			isa = PBXVariantGroup;
			children = (
				C0672EED1CA250BF00C7BE86 /* Base */,
			);
			name = LaunchScreen.storyboard;
			sourceTree = "<group>";
		};
/* End PBXVariantGroup section */

/* Begin XCBuildConfiguration section */
		C0672EF01CA250BF00C7BE86 /* Debug */ = {
			isa = XCBuildConfiguration;
			buildSettings = {
				ALWAYS_SEARCH_USER_PATHS = NO;
				CLANG_CXX_LANGUAGE_STANDARD = "gnu++0x";
				CLANG_CXX_LIBRARY = "libc++";
				CLANG_ENABLE_MODULES = YES;
				CLANG_ENABLE_OBJC_ARC = YES;
				CLANG_WARN_BOOL_CONVERSION = YES;
				CLANG_WARN_CONSTANT_CONVERSION = YES;
				CLANG_WARN_DIRECT_OBJC_ISA_USAGE = YES_ERROR;
				CLANG_WARN_EMPTY_BODY = YES;
				CLANG_WARN_ENUM_CONVERSION = YES;
				CLANG_WARN_INT_CONVERSION = YES;
				CLANG_WARN_OBJC_ROOT_CLASS = YES_ERROR;
				CLANG_WARN_UNREACHABLE_CODE = YES;
				CLANG_WARN__DUPLICATE_METHOD_MATCH = YES;
				"CODE_SIGN_IDENTITY[sdk=iphoneos*]" = "iPhone Developer";
				COPY_PHASE_STRIP = NO;
				DEBUG_INFORMATION_FORMAT = dwarf;
				ENABLE_STRICT_OBJC_MSGSEND = YES;
				ENABLE_TESTABILITY = YES;
				GCC_C_LANGUAGE_STANDARD = gnu99;
				GCC_DYNAMIC_NO_PIC = NO;
				GCC_NO_COMMON_BLOCKS = YES;
				GCC_OPTIMIZATION_LEVEL = 0;
				GCC_PREPROCESSOR_DEFINITIONS = (
					"DEBUG=1",
					"$(inherited)",
				);
				GCC_WARN_64_TO_32_BIT_CONVERSION = YES;
				GCC_WARN_ABOUT_RETURN_TYPE = YES_ERROR;
				GCC_WARN_UNDECLARED_SELECTOR = YES;
				GCC_WARN_UNINITIALIZED_AUTOS = YES_AGGRESSIVE;
				GCC_WARN_UNUSED_FUNCTION = YES;
				GCC_WARN_UNUSED_VARIABLE = YES;
				IPHONEOS_DEPLOYMENT_TARGET = 9.2;
				MTL_ENABLE_DEBUG_INFO = YES;
				ONLY_ACTIVE_ARCH = YES;
				SDKROOT = iphoneos;
				SWIFT_OPTIMIZATION_LEVEL = "-Onone";
			};
			name = Debug;
		};
		C0672EF11CA250BF00C7BE86 /* Release */ = {
			isa = XCBuildConfiguration;
			buildSettings = {
				ALWAYS_SEARCH_USER_PATHS = NO;
				CLANG_CXX_LANGUAGE_STANDARD = "gnu++0x";
				CLANG_CXX_LIBRARY = "libc++";
				CLANG_ENABLE_MODULES = YES;
				CLANG_ENABLE_OBJC_ARC = YES;
				CLANG_WARN_BOOL_CONVERSION = YES;
				CLANG_WARN_CONSTANT_CONVERSION = YES;
				CLANG_WARN_DIRECT_OBJC_ISA_USAGE = YES_ERROR;
				CLANG_WARN_EMPTY_BODY = YES;
				CLANG_WARN_ENUM_CONVERSION = YES;
				CLANG_WARN_INT_CONVERSION = YES;
				CLANG_WARN_OBJC_ROOT_CLASS = YES_ERROR;
				CLANG_WARN_UNREACHABLE_CODE = YES;
				CLANG_WARN__DUPLICATE_METHOD_MATCH = YES;
				"CODE_SIGN_IDENTITY[sdk=iphoneos*]" = "iPhone Developer";
				COPY_PHASE_STRIP = NO;
				DEBUG_INFORMATION_FORMAT = "dwarf-with-dsym";
				ENABLE_NS_ASSERTIONS = NO;
				ENABLE_STRICT_OBJC_MSGSEND = YES;
				GCC_C_LANGUAGE_STANDARD = gnu99;
				GCC_NO_COMMON_BLOCKS = YES;
				GCC_WARN_64_TO_32_BIT_CONVERSION = YES;
				GCC_WARN_ABOUT_RETURN_TYPE = YES_ERROR;
				GCC_WARN_UNDECLARED_SELECTOR = YES;
				GCC_WARN_UNINITIALIZED_AUTOS = YES_AGGRESSIVE;
				GCC_WARN_UNUSED_FUNCTION = YES;
				GCC_WARN_UNUSED_VARIABLE = YES;
				IPHONEOS_DEPLOYMENT_TARGET = 9.2;
				MTL_ENABLE_DEBUG_INFO = NO;
				SDKROOT = iphoneos;
				VALIDATE_PRODUCT = YES;
			};
			name = Release;
		};
		C0672EF31CA250BF00C7BE86 /* Debug */ = {
			isa = XCBuildConfiguration;
			buildSettings = {
				ASSETCATALOG_COMPILER_APPICON_NAME = AppIcon;
				INFOPLIST_FILE = SampleProj/Info.plist;
				LD_RUNPATH_SEARCH_PATHS = "$(inherited) @executable_path/Frameworks";
				PRODUCT_BUNDLE_IDENTIFIER = kr.CenoX.SampleProj;
				PRODUCT_NAME = "$(TARGET_NAME)";
			};
			name = Debug;
		};
		C0672EF41CA250BF00C7BE86 /* Release */ = {
			isa = XCBuildConfiguration;
			buildSettings = {
				ASSETCATALOG_COMPILER_APPICON_NAME = AppIcon;
				INFOPLIST_FILE = SampleProj/Info.plist;
				LD_RUNPATH_SEARCH_PATHS = "$(inherited) @executable_path/Frameworks";
				PRODUCT_BUNDLE_IDENTIFIER = kr.CenoX.SampleProj;
				PRODUCT_NAME = "$(TARGET_NAME)";
			};
			name = Release;
		};
/* End XCBuildConfiguration section */

/* Begin XCConfigurationList section */
		C0672EDB1CA250BF00C7BE86 /* Build configuration list for PBXProject "SampleProj" */ = {
			isa = XCConfigurationList;
			buildConfigurations = (
				C0672EF01CA250BF00C7BE86 /* Debug */,
				C0672EF11CA250BF00C7BE86 /* Release */,
			);
			defaultConfigurationIsVisible = 0;
			defaultConfigurationName = Release;
		};
		C0672EF21CA250BF00C7BE86 /* Build configuration list for PBXNativeTarget "SampleProj" */ = {
			isa = XCConfigurationList;
			buildConfigurations = (
				C0672EF31CA250BF00C7BE86 /* Debug */,
				C0672EF41CA250BF00C7BE86 /* Release */,
			);
			defaultConfigurationIsVisible = 0;
		};
/* End XCConfigurationList section */
	};
	rootObject = C0672ED81CA250BF00C7BE86 /* Project object */;
}
